
Microsoft Visual Studio Solution File, Format Version 12.00
# Visual Studio Version 17
VisualStudioVersion = 17.14.36203.30 d17.14
MinimumVisualStudioVersion = 10.0.40219.1
Project("{FAE04EC0-301F-11D3-BF4B-00C04F79EFBC}") = "CRUDaster", "CRUDaster\CRUDaster.csproj", "{67FAD0A3-9ACF-4B45-A4C3-FF3252E8EC13}"
EndProject
Project("{2150E333-8FDC-42A3-9474-1A3956D46DE8}") = "CRUDaster.Core", "CRUDaster.Core", "{02EA681E-C7D8-13C7-8484-4AC65E1B71E8}"
EndProject
Project("{2150E333-8FDC-42A3-9474-1A3956D46DE8}") = "CRUDaster.Infrastructure", "CRUDaster.Infrastructure", "{1E305455-F879-4BA1-8E74-1B4B010CD961}"
EndProject
Project("{2150E333-8FDC-42A3-9474-1A3956D46DE8}") = "CRDaster.Presentation", "CRDaster.Presentation", "{57508471-246B-4A0D-836A-9DFB9C17F69B}"
EndProject
Project("{FAE04EC0-301F-11D3-BF4B-00C04F79EFBC}") = "CRUDaster.Core", "CRUDaster.Core\CRUDaster.Core.csproj", "{5548A8B7-385C-45E5-8121-05CC9A05C2A8}"
EndProject
Project("{FAE04EC0-301F-11D3-BF4B-00C04F79EFBC}") = "CRUDaster.ExternalServices", "CRUDaster.ExternalServices\CRUDaster.ExternalServices.csproj", "{807F6970-B487-41A8-8514-A9CE0FAA5B03}"
EndProject
Project("{FAE04EC0-301F-11D3-BF4B-00C04F79EFBC}") = "CRUDaster.Infrastructure", "CRUDaster.Infrastructure\CRUDaster.Infrastructure.csproj", "{698DD716-1F42-4D8C-9CB3-515C6B856420}"
EndProject
Global
	GlobalSection(SolutionConfigurationPlatforms) = preSolution
		Debug|Any CPU = Debug|Any CPU
		Release|Any CPU = Release|Any CPU
	EndGlobalSection
	GlobalSection(ProjectConfigurationPlatforms) = postSolution
		{67FAD0A3-9ACF-4B45-A4C3-FF3252E8EC13}.Debug|Any CPU.ActiveCfg = Debug|Any CPU
		{67FAD0A3-9ACF-4B45-A4C3-FF3252E8EC13}.Debug|Any CPU.Build.0 = Debug|Any CPU
		{67FAD0A3-9ACF-4B45-A4C3-FF3252E8EC13}.Release|Any CPU.ActiveCfg = Release|Any CPU
		{67FAD0A3-9ACF-4B45-A4C3-FF3252E8EC13}.Release|Any CPU.Build.0 = Release|Any CPU
		{5548A8B7-385C-45E5-8121-05CC9A05C2A8}.Debug|Any CPU.ActiveCfg = Debug|Any CPU
		{5548A8B7-385C-45E5-8121-05CC9A05C2A8}.Debug|Any CPU.Build.0 = Debug|Any CPU
		{5548A8B7-385C-45E5-8121-05CC9A05C2A8}.Release|Any CPU.ActiveCfg = Release|Any CPU
		{5548A8B7-385C-45E5-8121-05CC9A05C2A8}.Release|Any CPU.Build.0 = Release|Any CPU
		{807F6970-B487-41A8-8514-A9CE0FAA5B03}.Debug|Any CPU.ActiveCfg = Debug|Any CPU
		{807F6970-B487-41A8-8514-A9CE0FAA5B03}.Debug|Any CPU.Build.0 = Debug|Any CPU
		{807F6970-B487-41A8-8514-A9CE0FAA5B03}.Release|Any CPU.ActiveCfg = Release|Any CPU
		{807F6970-B487-41A8-8514-A9CE0FAA5B03}.Release|Any CPU.Build.0 = Release|Any CPU
		{698DD716-1F42-4D8C-9CB3-515C6B856420}.Debug|Any CPU.ActiveCfg = Debug|Any CPU
		{698DD716-1F42-4D8C-9CB3-515C6B856420}.Debug|Any CPU.Build.0 = Debug|Any CPU
		{698DD716-1F42-4D8C-9CB3-515C6B856420}.Release|Any CPU.ActiveCfg = Release|Any CPU
		{698DD716-1F42-4D8C-9CB3-515C6B856420}.Release|Any CPU.Build.0 = Release|Any CPU
	EndGlobalSection
	GlobalSection(SolutionProperties) = preSolution
		HideSolutionNode = FALSE
	EndGlobalSection
	GlobalSection(NestedProjects) = preSolution
		{67FAD0A3-9ACF-4B45-A4C3-FF3252E8EC13} = {57508471-246B-4A0D-836A-9DFB9C17F69B}
		{5548A8B7-385C-45E5-8121-05CC9A05C2A8} = {02EA681E-C7D8-13C7-8484-4AC65E1B71E8}
		{807F6970-B487-41A8-8514-A9CE0FAA5B03} = {1E305455-F879-4BA1-8E74-1B4B010CD961}
		{698DD716-1F42-4D8C-9CB3-515C6B856420} = {1E305455-F879-4BA1-8E74-1B4B010CD961}
	EndGlobalSection
	GlobalSection(ExtensibilityGlobals) = postSolution
		SolutionGuid = {680A0ED2-6E34-4A5A-9FAD-54DC11DA0EA3}
	EndGlobalSection
EndGlobal
